// !$*UTF8*$!
{
	archiveVersion = 1;
	classes = {
	};
	objectVersion = 46;
	objects = {

/* Begin PBXBuildFile section */
		0DAF42FC6175709BC1C0C629 /* Pods_Mock_Revenue.framework in Frameworks */ = {isa = PBXBuildFile; fileRef = 2C5B28491A2D70212EB43984 /* Pods_Mock_Revenue.framework */; };
		28AEC633C1B7B764EFA1D01C /* Pods_Mock_RevenueUITests.framework in Frameworks */ = {isa = PBXBuildFile; fileRef = 32DEC9805403AB95055453F8 /* Pods_Mock_RevenueUITests.framework */; };
		5D6A7D1D024F4510A1B2D7ED /* Pods_Mock_RevenueTests.framework in Frameworks */ = {isa = PBXBuildFile; fileRef = 2462D42639A7C255E384E2B8 /* Pods_Mock_RevenueTests.framework */; };
		746445421EEBD5EC002EA7F3 /* AppDelegate.swift in Sources */ = {isa = PBXBuildFile; fileRef = 746445411EEBD5EC002EA7F3 /* AppDelegate.swift */; };
		746445471EEBD5EC002EA7F3 /* Main.storyboard in Resources */ = {isa = PBXBuildFile; fileRef = 746445451EEBD5EC002EA7F3 /* Main.storyboard */; };
		746445491EEBD5EC002EA7F3 /* Assets.xcassets in Resources */ = {isa = PBXBuildFile; fileRef = 746445481EEBD5EC002EA7F3 /* Assets.xcassets */; };
		7464454C1EEBD5EC002EA7F3 /* LaunchScreen.storyboard in Resources */ = {isa = PBXBuildFile; fileRef = 7464454A1EEBD5EC002EA7F3 /* LaunchScreen.storyboard */; };
		746445571EEBD5EC002EA7F3 /* Mock_RevenueTests.swift in Sources */ = {isa = PBXBuildFile; fileRef = 746445561EEBD5EC002EA7F3 /* Mock_RevenueTests.swift */; };
		746445621EEBD5EC002EA7F3 /* Mock_RevenueUITests.swift in Sources */ = {isa = PBXBuildFile; fileRef = 746445611EEBD5EC002EA7F3 /* Mock_RevenueUITests.swift */; };
		746445701EEBD664002EA7F3 /* GoogleService-Info.plist in Resources */ = {isa = PBXBuildFile; fileRef = 7464456F1EEBD664002EA7F3 /* GoogleService-Info.plist */; };
		947FCF1E1EEBDA1A00450250 /* images.plist in Resources */ = {isa = PBXBuildFile; fileRef = 947FCF1D1EEBDA1A00450250 /* images.plist */; };
		947FCF221EEBE01A00450250 /* LoginController.swift in Sources */ = {isa = PBXBuildFile; fileRef = 947FCF211EEBE01A00450250 /* LoginController.swift */; };
		947FCF271EEBE11500450250 /* ValidationTextField.swift in Sources */ = {isa = PBXBuildFile; fileRef = 947FCF261EEBE11500450250 /* ValidationTextField.swift */; };
		947FCF291EEBE12500450250 /* CommonFunction.swift in Sources */ = {isa = PBXBuildFile; fileRef = 947FCF281EEBE12500450250 /* CommonFunction.swift */; };
		947FCF2B1EEBE31D00450250 /* Menu.swift in Sources */ = {isa = PBXBuildFile; fileRef = 947FCF2A1EEBE31D00450250 /* Menu.swift */; };
		947FCF2D1EEBE38000450250 /* RevenueType.swift in Sources */ = {isa = PBXBuildFile; fileRef = 947FCF2C1EEBE38000450250 /* RevenueType.swift */; };
		947FCF321EEBE3F900450250 /* RegisterViewController.swift in Sources */ = {isa = PBXBuildFile; fileRef = 947FCF311EEBE3F900450250 /* RegisterViewController.swift */; };
		948CDD4F1EED32AB00319921 /* ImageCateController.swift in Sources */ = {isa = PBXBuildFile; fileRef = 948CDD4E1EED32AB00319921 /* ImageCateController.swift */; };
		948CDD511EED333000319921 /* ImageCateCell.swift in Sources */ = {isa = PBXBuildFile; fileRef = 948CDD501EED333000319921 /* ImageCateCell.swift */; };
		948CDD531EED38EE00319921 /* AddNewCateController.swift in Sources */ = {isa = PBXBuildFile; fileRef = 948CDD521EED38EE00319921 /* AddNewCateController.swift */; };
		948CDD551EED430300319921 /* User.swift in Sources */ = {isa = PBXBuildFile; fileRef = 948CDD541EED430300319921 /* User.swift */; };
		94AA88D11EEC2810000B4C13 /* MenuViewController.swift in Sources */ = {isa = PBXBuildFile; fileRef = 94AA88D01EEC2810000B4C13 /* MenuViewController.swift */; };
		94AA88D31EEC2829000B4C13 /* MenuViewCell.swift in Sources */ = {isa = PBXBuildFile; fileRef = 94AA88D21EEC2829000B4C13 /* MenuViewCell.swift */; };
		94AA88D61EEC3066000B4C13 /* CateViewController.swift in Sources */ = {isa = PBXBuildFile; fileRef = 94AA88D51EEC3066000B4C13 /* CateViewController.swift */; };
		94AA88D81EEC3076000B4C13 /* CateViewCell.swift in Sources */ = {isa = PBXBuildFile; fileRef = 94AA88D71EEC3076000B4C13 /* CateViewCell.swift */; };
		94AA88DB1EEC4895000B4C13 /* DAORevenueType.swift in Sources */ = {isa = PBXBuildFile; fileRef = 94AA88DA1EEC4895000B4C13 /* DAORevenueType.swift */; };
		94EF650D1EF2770A00F6C2BD /* TransactionModel.swift in Sources */ = {isa = PBXBuildFile; fileRef = 94EF650C1EF2770A00F6C2BD /* TransactionModel.swift */; };
		94EF650F1EF27C0000F6C2BD /* MainViewController.swift in Sources */ = {isa = PBXBuildFile; fileRef = 94EF650E1EF27C0000F6C2BD /* MainViewController.swift */; };
		94EF65111EF2D20300F6C2BD /* MainViewCell.swift in Sources */ = {isa = PBXBuildFile; fileRef = 94EF65101EF2D20300F6C2BD /* MainViewCell.swift */; };
		94EF65131EF2D70800F6C2BD /* DAOTransactionList.swift in Sources */ = {isa = PBXBuildFile; fileRef = 94EF65121EF2D70800F6C2BD /* DAOTransactionList.swift */; };
		94EF65151EF2E28700F6C2BD /* ChooseCateController.swift in Sources */ = {isa = PBXBuildFile; fileRef = 94EF65141EF2E28700F6C2BD /* ChooseCateController.swift */; };
		94EF65171EF2E2BF00F6C2BD /* ChooseCateCell.swift in Sources */ = {isa = PBXBuildFile; fileRef = 94EF65161EF2E2BF00F6C2BD /* ChooseCateCell.swift */; };
		94EF65191EF2E68D00F6C2BD /* AddTransactionController.swift in Sources */ = {isa = PBXBuildFile; fileRef = 94EF65181EF2E68D00F6C2BD /* AddTransactionController.swift */; };
		94EF651B1EF2FF6200F6C2BD /* EditTransactionViewController.swift in Sources */ = {isa = PBXBuildFile; fileRef = 94EF651A1EF2FF6200F6C2BD /* EditTransactionViewController.swift */; };
		94EF651D1EF30D5900F6C2BD /* DAOUser.swift in Sources */ = {isa = PBXBuildFile; fileRef = 94EF651C1EF30D5900F6C2BD /* DAOUser.swift */; };
		94EF65201EF31E6E00F6C2BD /* ChangePassViewController.swift in Sources */ = {isa = PBXBuildFile; fileRef = 94EF651F1EF31E6E00F6C2BD /* ChangePassViewController.swift */; };
/* End PBXBuildFile section */

/* Begin PBXContainerItemProxy section */
		746445531EEBD5EC002EA7F3 /* PBXContainerItemProxy */ = {
			isa = PBXContainerItemProxy;
			containerPortal = 746445361EEBD5EB002EA7F3 /* Project object */;
			proxyType = 1;
			remoteGlobalIDString = 7464453D1EEBD5EC002EA7F3;
			remoteInfo = Mock_Revenue;
		};
		7464455E1EEBD5EC002EA7F3 /* PBXContainerItemProxy */ = {
			isa = PBXContainerItemProxy;
			containerPortal = 746445361EEBD5EB002EA7F3 /* Project object */;
			proxyType = 1;
			remoteGlobalIDString = 7464453D1EEBD5EC002EA7F3;
			remoteInfo = Mock_Revenue;
		};
/* End PBXContainerItemProxy section */

/* Begin PBXFileReference section */
		1FF57B8E8181A5D89E6C74A1 /* Pods-Mock_RevenueUITests.debug.xcconfig */ = {isa = PBXFileReference; includeInIndex = 1; lastKnownFileType = text.xcconfig; name = "Pods-Mock_RevenueUITests.debug.xcconfig"; path = "Pods/Target Support Files/Pods-Mock_RevenueUITests/Pods-Mock_RevenueUITests.debug.xcconfig"; sourceTree = "<group>"; };
		2462D42639A7C255E384E2B8 /* Pods_Mock_RevenueTests.framework */ = {isa = PBXFileReference; explicitFileType = wrapper.framework; includeInIndex = 0; path = Pods_Mock_RevenueTests.framework; sourceTree = BUILT_PRODUCTS_DIR; };
		2A8A12F40FEF98875B83212A /* Pods-Mock_RevenueTests.release.xcconfig */ = {isa = PBXFileReference; includeInIndex = 1; lastKnownFileType = text.xcconfig; name = "Pods-Mock_RevenueTests.release.xcconfig"; path = "Pods/Target Support Files/Pods-Mock_RevenueTests/Pods-Mock_RevenueTests.release.xcconfig"; sourceTree = "<group>"; };
		2C5B28491A2D70212EB43984 /* Pods_Mock_Revenue.framework */ = {isa = PBXFileReference; explicitFileType = wrapper.framework; includeInIndex = 0; path = Pods_Mock_Revenue.framework; sourceTree = BUILT_PRODUCTS_DIR; };
		32DEC9805403AB95055453F8 /* Pods_Mock_RevenueUITests.framework */ = {isa = PBXFileReference; explicitFileType = wrapper.framework; includeInIndex = 0; path = Pods_Mock_RevenueUITests.framework; sourceTree = BUILT_PRODUCTS_DIR; };
		4A8AE6506925F0E455CA1340 /* Pods-Mock_RevenueTests.debug.xcconfig */ = {isa = PBXFileReference; includeInIndex = 1; lastKnownFileType = text.xcconfig; name = "Pods-Mock_RevenueTests.debug.xcconfig"; path = "Pods/Target Support Files/Pods-Mock_RevenueTests/Pods-Mock_RevenueTests.debug.xcconfig"; sourceTree = "<group>"; };
		51D9E7A5BD755B9A8DBA41B9 /* Pods-Mock_Revenue.debug.xcconfig */ = {isa = PBXFileReference; includeInIndex = 1; lastKnownFileType = text.xcconfig; name = "Pods-Mock_Revenue.debug.xcconfig"; path = "Pods/Target Support Files/Pods-Mock_Revenue/Pods-Mock_Revenue.debug.xcconfig"; sourceTree = "<group>"; };
		7464453E1EEBD5EC002EA7F3 /* Mock_Revenue.app */ = {isa = PBXFileReference; explicitFileType = wrapper.application; includeInIndex = 0; path = Mock_Revenue.app; sourceTree = BUILT_PRODUCTS_DIR; };
		746445411EEBD5EC002EA7F3 /* AppDelegate.swift */ = {isa = PBXFileReference; lastKnownFileType = sourcecode.swift; path = AppDelegate.swift; sourceTree = "<group>"; };
		746445461EEBD5EC002EA7F3 /* Base */ = {isa = PBXFileReference; lastKnownFileType = file.storyboard; name = Base; path = Base.lproj/Main.storyboard; sourceTree = "<group>"; };
		746445481EEBD5EC002EA7F3 /* Assets.xcassets */ = {isa = PBXFileReference; lastKnownFileType = folder.assetcatalog; path = Assets.xcassets; sourceTree = "<group>"; };
		7464454B1EEBD5EC002EA7F3 /* Base */ = {isa = PBXFileReference; lastKnownFileType = file.storyboard; name = Base; path = Base.lproj/LaunchScreen.storyboard; sourceTree = "<group>"; };
		7464454D1EEBD5EC002EA7F3 /* Info.plist */ = {isa = PBXFileReference; lastKnownFileType = text.plist.xml; path = Info.plist; sourceTree = "<group>"; };
		746445521EEBD5EC002EA7F3 /* Mock_RevenueTests.xctest */ = {isa = PBXFileReference; explicitFileType = wrapper.cfbundle; includeInIndex = 0; path = Mock_RevenueTests.xctest; sourceTree = BUILT_PRODUCTS_DIR; };
		746445561EEBD5EC002EA7F3 /* Mock_RevenueTests.swift */ = {isa = PBXFileReference; lastKnownFileType = sourcecode.swift; path = Mock_RevenueTests.swift; sourceTree = "<group>"; };
		746445581EEBD5EC002EA7F3 /* Info.plist */ = {isa = PBXFileReference; lastKnownFileType = text.plist.xml; path = Info.plist; sourceTree = "<group>"; };
		7464455D1EEBD5EC002EA7F3 /* Mock_RevenueUITests.xctest */ = {isa = PBXFileReference; explicitFileType = wrapper.cfbundle; includeInIndex = 0; path = Mock_RevenueUITests.xctest; sourceTree = BUILT_PRODUCTS_DIR; };
		746445611EEBD5EC002EA7F3 /* Mock_RevenueUITests.swift */ = {isa = PBXFileReference; lastKnownFileType = sourcecode.swift; path = Mock_RevenueUITests.swift; sourceTree = "<group>"; };
		746445631EEBD5EC002EA7F3 /* Info.plist */ = {isa = PBXFileReference; lastKnownFileType = text.plist.xml; path = Info.plist; sourceTree = "<group>"; };
		7464456F1EEBD664002EA7F3 /* GoogleService-Info.plist */ = {isa = PBXFileReference; fileEncoding = 4; lastKnownFileType = text.plist.xml; path = "GoogleService-Info.plist"; sourceTree = "<group>"; };
		947FCF1D1EEBDA1A00450250 /* images.plist */ = {isa = PBXFileReference; fileEncoding = 4; lastKnownFileType = text.plist.xml; path = images.plist; sourceTree = "<group>"; };
		947FCF211EEBE01A00450250 /* LoginController.swift */ = {isa = PBXFileReference; fileEncoding = 4; lastKnownFileType = sourcecode.swift; path = LoginController.swift; sourceTree = "<group>"; };
		947FCF261EEBE11500450250 /* ValidationTextField.swift */ = {isa = PBXFileReference; fileEncoding = 4; lastKnownFileType = sourcecode.swift; path = ValidationTextField.swift; sourceTree = "<group>"; };
		947FCF281EEBE12500450250 /* CommonFunction.swift */ = {isa = PBXFileReference; fileEncoding = 4; lastKnownFileType = sourcecode.swift; path = CommonFunction.swift; sourceTree = "<group>"; };
		947FCF2A1EEBE31D00450250 /* Menu.swift */ = {isa = PBXFileReference; fileEncoding = 4; lastKnownFileType = sourcecode.swift; path = Menu.swift; sourceTree = "<group>"; };
		947FCF2C1EEBE38000450250 /* RevenueType.swift */ = {isa = PBXFileReference; fileEncoding = 4; lastKnownFileType = sourcecode.swift; path = RevenueType.swift; sourceTree = "<group>"; };
		947FCF311EEBE3F900450250 /* RegisterViewController.swift */ = {isa = PBXFileReference; fileEncoding = 4; lastKnownFileType = sourcecode.swift; path = RegisterViewController.swift; sourceTree = "<group>"; };
		948CDD4E1EED32AB00319921 /* ImageCateController.swift */ = {isa = PBXFileReference; fileEncoding = 4; lastKnownFileType = sourcecode.swift; path = ImageCateController.swift; sourceTree = "<group>"; };
		948CDD501EED333000319921 /* ImageCateCell.swift */ = {isa = PBXFileReference; fileEncoding = 4; lastKnownFileType = sourcecode.swift; path = ImageCateCell.swift; sourceTree = "<group>"; };
		948CDD521EED38EE00319921 /* AddNewCateController.swift */ = {isa = PBXFileReference; fileEncoding = 4; lastKnownFileType = sourcecode.swift; path = AddNewCateController.swift; sourceTree = "<group>"; };
		948CDD541EED430300319921 /* User.swift */ = {isa = PBXFileReference; fileEncoding = 4; lastKnownFileType = sourcecode.swift; path = User.swift; sourceTree = "<group>"; };
		94AA88D01EEC2810000B4C13 /* MenuViewController.swift */ = {isa = PBXFileReference; fileEncoding = 4; lastKnownFileType = sourcecode.swift; path = MenuViewController.swift; sourceTree = "<group>"; };
		94AA88D21EEC2829000B4C13 /* MenuViewCell.swift */ = {isa = PBXFileReference; fileEncoding = 4; lastKnownFileType = sourcecode.swift; path = MenuViewCell.swift; sourceTree = "<group>"; };
		94AA88D51EEC3066000B4C13 /* CateViewController.swift */ = {isa = PBXFileReference; fileEncoding = 4; lastKnownFileType = sourcecode.swift; path = CateViewController.swift; sourceTree = "<group>"; };
		94AA88D71EEC3076000B4C13 /* CateViewCell.swift */ = {isa = PBXFileReference; fileEncoding = 4; lastKnownFileType = sourcecode.swift; path = CateViewCell.swift; sourceTree = "<group>"; };
		94AA88DA1EEC4895000B4C13 /* DAORevenueType.swift */ = {isa = PBXFileReference; fileEncoding = 4; lastKnownFileType = sourcecode.swift; path = DAORevenueType.swift; sourceTree = "<group>"; };
		94EF650C1EF2770A00F6C2BD /* TransactionModel.swift */ = {isa = PBXFileReference; fileEncoding = 4; lastKnownFileType = sourcecode.swift; path = TransactionModel.swift; sourceTree = "<group>"; };
		94EF650E1EF27C0000F6C2BD /* MainViewController.swift */ = {isa = PBXFileReference; fileEncoding = 4; lastKnownFileType = sourcecode.swift; path = MainViewController.swift; sourceTree = "<group>"; };
		94EF65101EF2D20300F6C2BD /* MainViewCell.swift */ = {isa = PBXFileReference; fileEncoding = 4; lastKnownFileType = sourcecode.swift; path = MainViewCell.swift; sourceTree = "<group>"; };
		94EF65121EF2D70800F6C2BD /* DAOTransactionList.swift */ = {isa = PBXFileReference; fileEncoding = 4; lastKnownFileType = sourcecode.swift; path = DAOTransactionList.swift; sourceTree = "<group>"; };
		94EF65141EF2E28700F6C2BD /* ChooseCateController.swift */ = {isa = PBXFileReference; fileEncoding = 4; lastKnownFileType = sourcecode.swift; path = ChooseCateController.swift; sourceTree = "<group>"; };
		94EF65161EF2E2BF00F6C2BD /* ChooseCateCell.swift */ = {isa = PBXFileReference; fileEncoding = 4; lastKnownFileType = sourcecode.swift; path = ChooseCateCell.swift; sourceTree = "<group>"; };
		94EF65181EF2E68D00F6C2BD /* AddTransactionController.swift */ = {isa = PBXFileReference; fileEncoding = 4; lastKnownFileType = sourcecode.swift; path = AddTransactionController.swift; sourceTree = "<group>"; };
		94EF651A1EF2FF6200F6C2BD /* EditTransactionViewController.swift */ = {isa = PBXFileReference; fileEncoding = 4; lastKnownFileType = sourcecode.swift; path = EditTransactionViewController.swift; sourceTree = "<group>"; };
		94EF651C1EF30D5900F6C2BD /* DAOUser.swift */ = {isa = PBXFileReference; fileEncoding = 4; lastKnownFileType = sourcecode.swift; path = DAOUser.swift; sourceTree = "<group>"; };
		94EF651F1EF31E6E00F6C2BD /* ChangePassViewController.swift */ = {isa = PBXFileReference; fileEncoding = 4; lastKnownFileType = sourcecode.swift; path = ChangePassViewController.swift; sourceTree = "<group>"; };
		953597803EB50B3BD761240F /* Pods-Mock_RevenueUITests.release.xcconfig */ = {isa = PBXFileReference; includeInIndex = 1; lastKnownFileType = text.xcconfig; name = "Pods-Mock_RevenueUITests.release.xcconfig"; path = "Pods/Target Support Files/Pods-Mock_RevenueUITests/Pods-Mock_RevenueUITests.release.xcconfig"; sourceTree = "<group>"; };
		9A249E6C2697F0618C741616 /* Pods-Mock_Revenue.release.xcconfig */ = {isa = PBXFileReference; includeInIndex = 1; lastKnownFileType = text.xcconfig; name = "Pods-Mock_Revenue.release.xcconfig"; path = "Pods/Target Support Files/Pods-Mock_Revenue/Pods-Mock_Revenue.release.xcconfig"; sourceTree = "<group>"; };
/* End PBXFileReference section */

/* Begin PBXFrameworksBuildPhase section */
		7464453B1EEBD5EC002EA7F3 /* Frameworks */ = {
			isa = PBXFrameworksBuildPhase;
			buildActionMask = 2147483647;
			files = (
				0DAF42FC6175709BC1C0C629 /* Pods_Mock_Revenue.framework in Frameworks */,
			);
			runOnlyForDeploymentPostprocessing = 0;
		};
		7464454F1EEBD5EC002EA7F3 /* Frameworks */ = {
			isa = PBXFrameworksBuildPhase;
			buildActionMask = 2147483647;
			files = (
				5D6A7D1D024F4510A1B2D7ED /* Pods_Mock_RevenueTests.framework in Frameworks */,
			);
			runOnlyForDeploymentPostprocessing = 0;
		};
		7464455A1EEBD5EC002EA7F3 /* Frameworks */ = {
			isa = PBXFrameworksBuildPhase;
			buildActionMask = 2147483647;
			files = (
				28AEC633C1B7B764EFA1D01C /* Pods_Mock_RevenueUITests.framework in Frameworks */,
			);
			runOnlyForDeploymentPostprocessing = 0;
		};
/* End PBXFrameworksBuildPhase section */

/* Begin PBXGroup section */
		25EAEADC229A67DD0B8AC534 /* Frameworks */ = {
			isa = PBXGroup;
			children = (
				2C5B28491A2D70212EB43984 /* Pods_Mock_Revenue.framework */,
				2462D42639A7C255E384E2B8 /* Pods_Mock_RevenueTests.framework */,
				32DEC9805403AB95055453F8 /* Pods_Mock_RevenueUITests.framework */,
			);
			name = Frameworks;
			sourceTree = "<group>";
		};
		5C300FB603D727E26E63CFDB /* Pods */ = {
			isa = PBXGroup;
			children = (
				51D9E7A5BD755B9A8DBA41B9 /* Pods-Mock_Revenue.debug.xcconfig */,
				9A249E6C2697F0618C741616 /* Pods-Mock_Revenue.release.xcconfig */,
				4A8AE6506925F0E455CA1340 /* Pods-Mock_RevenueTests.debug.xcconfig */,
				2A8A12F40FEF98875B83212A /* Pods-Mock_RevenueTests.release.xcconfig */,
				1FF57B8E8181A5D89E6C74A1 /* Pods-Mock_RevenueUITests.debug.xcconfig */,
				953597803EB50B3BD761240F /* Pods-Mock_RevenueUITests.release.xcconfig */,
			);
			name = Pods;
			sourceTree = "<group>";
		};
		746445351EEBD5EB002EA7F3 = {
			isa = PBXGroup;
			children = (
				746445401EEBD5EC002EA7F3 /* Mock_Revenue */,
				746445551EEBD5EC002EA7F3 /* Mock_RevenueTests */,
				746445601EEBD5EC002EA7F3 /* Mock_RevenueUITests */,
				7464453F1EEBD5EC002EA7F3 /* Products */,
				5C300FB603D727E26E63CFDB /* Pods */,
				25EAEADC229A67DD0B8AC534 /* Frameworks */,
			);
			sourceTree = "<group>";
		};
		7464453F1EEBD5EC002EA7F3 /* Products */ = {
			isa = PBXGroup;
			children = (
				7464453E1EEBD5EC002EA7F3 /* Mock_Revenue.app */,
				746445521EEBD5EC002EA7F3 /* Mock_RevenueTests.xctest */,
				7464455D1EEBD5EC002EA7F3 /* Mock_RevenueUITests.xctest */,
			);
			name = Products;
			sourceTree = "<group>";
		};
		746445401EEBD5EC002EA7F3 /* Mock_Revenue */ = {
			isa = PBXGroup;
			children = (
				94AA88D91EEC4868000B4C13 /* DAO */,
				947FCF231EEBE0AB00450250 /* CommonGroup */,
				947FCF201EEBDFF100450250 /* Model */,
				947FCF1F1EEBDFE300450250 /* View_Controller */,
				746445411EEBD5EC002EA7F3 /* AppDelegate.swift */,
				746445451EEBD5EC002EA7F3 /* Main.storyboard */,
				746445481EEBD5EC002EA7F3 /* Assets.xcassets */,
				7464454A1EEBD5EC002EA7F3 /* LaunchScreen.storyboard */,
				7464456F1EEBD664002EA7F3 /* GoogleService-Info.plist */,
				7464454D1EEBD5EC002EA7F3 /* Info.plist */,
				947FCF1D1EEBDA1A00450250 /* images.plist */,
			);
			path = Mock_Revenue;
			sourceTree = "<group>";
		};
		746445551EEBD5EC002EA7F3 /* Mock_RevenueTests */ = {
			isa = PBXGroup;
			children = (
				746445561EEBD5EC002EA7F3 /* Mock_RevenueTests.swift */,
				746445581EEBD5EC002EA7F3 /* Info.plist */,
			);
			path = Mock_RevenueTests;
			sourceTree = "<group>";
		};
		746445601EEBD5EC002EA7F3 /* Mock_RevenueUITests */ = {
			isa = PBXGroup;
			children = (
				746445611EEBD5EC002EA7F3 /* Mock_RevenueUITests.swift */,
				746445631EEBD5EC002EA7F3 /* Info.plist */,
			);
			path = Mock_RevenueUITests;
			sourceTree = "<group>";
		};
		947FCF1F1EEBDFE300450250 /* View_Controller */ = {
			isa = PBXGroup;
			children = (
				94EF651E1EF31E4E00F6C2BD /* User */,
				94AA88D41EEC3015000B4C13 /* Category */,
				94AA88CF1EEC27F7000B4C13 /* Menu */,
				947FCF331EEBE5DC00450250 /* Main */,
				947FCF2E1EEBE3B900450250 /* Category */,
			);
			name = View_Controller;
			sourceTree = "<group>";
		};
		947FCF201EEBDFF100450250 /* Model */ = {
			isa = PBXGroup;
			children = (
				947FCF2A1EEBE31D00450250 /* Menu.swift */,
				947FCF2C1EEBE38000450250 /* RevenueType.swift */,
				948CDD541EED430300319921 /* User.swift */,
				94EF650C1EF2770A00F6C2BD /* TransactionModel.swift */,
			);
			name = Model;
			sourceTree = "<group>";
		};
		947FCF231EEBE0AB00450250 /* CommonGroup */ = {
			isa = PBXGroup;
			children = (
				947FCF261EEBE11500450250 /* ValidationTextField.swift */,
				947FCF281EEBE12500450250 /* CommonFunction.swift */,
			);
			name = CommonGroup;
			sourceTree = "<group>";
		};
		947FCF2E1EEBE3B900450250 /* Category */ = {
			isa = PBXGroup;
			children = (
			);
			name = Category;
			sourceTree = "<group>";
		};
		947FCF331EEBE5DC00450250 /* Main */ = {
			isa = PBXGroup;
			children = (
				94EF650E1EF27C0000F6C2BD /* MainViewController.swift */,
				94EF65101EF2D20300F6C2BD /* MainViewCell.swift */,
				94EF65141EF2E28700F6C2BD /* ChooseCateController.swift */,
				94EF65161EF2E2BF00F6C2BD /* ChooseCateCell.swift */,
				94EF65181EF2E68D00F6C2BD /* AddTransactionController.swift */,
				94EF651A1EF2FF6200F6C2BD /* EditTransactionViewController.swift */,
			);
			name = Main;
			sourceTree = "<group>";
		};
		94AA88CF1EEC27F7000B4C13 /* Menu */ = {
			isa = PBXGroup;
			children = (
				94AA88D01EEC2810000B4C13 /* MenuViewController.swift */,
				94AA88D21EEC2829000B4C13 /* MenuViewCell.swift */,
			);
			name = Menu;
			sourceTree = "<group>";
		};
		94AA88D41EEC3015000B4C13 /* Category */ = {
			isa = PBXGroup;
			children = (
				94AA88D51EEC3066000B4C13 /* CateViewController.swift */,
				94AA88D71EEC3076000B4C13 /* CateViewCell.swift */,
				948CDD4E1EED32AB00319921 /* ImageCateController.swift */,
				948CDD501EED333000319921 /* ImageCateCell.swift */,
				948CDD521EED38EE00319921 /* AddNewCateController.swift */,
			);
			name = Category;
			sourceTree = "<group>";
		};
		94AA88D91EEC4868000B4C13 /* DAO */ = {
			isa = PBXGroup;
			children = (
				94AA88DA1EEC4895000B4C13 /* DAORevenueType.swift */,
				94EF65121EF2D70800F6C2BD /* DAOTransactionList.swift */,
				94EF651C1EF30D5900F6C2BD /* DAOUser.swift */,
			);
			name = DAO;
			sourceTree = "<group>";
		};
		94EF651E1EF31E4E00F6C2BD /* User */ = {
			isa = PBXGroup;
			children = (
				947FCF211EEBE01A00450250 /* LoginController.swift */,
				947FCF311EEBE3F900450250 /* RegisterViewController.swift */,
				94EF651F1EF31E6E00F6C2BD /* ChangePassViewController.swift */,
			);
			name = User;
			sourceTree = "<group>";
		};
/* End PBXGroup section */

/* Begin PBXNativeTarget section */
		7464453D1EEBD5EC002EA7F3 /* Mock_Revenue */ = {
			isa = PBXNativeTarget;
			buildConfigurationList = 746445661EEBD5EC002EA7F3 /* Build configuration list for PBXNativeTarget "Mock_Revenue" */;
			buildPhases = (
				010745FE93FB73CF8541A772 /* [CP] Check Pods Manifest.lock */,
				7464453A1EEBD5EC002EA7F3 /* Sources */,
				7464453B1EEBD5EC002EA7F3 /* Frameworks */,
				7464453C1EEBD5EC002EA7F3 /* Resources */,
				30D4455FA01E902170F85540 /* [CP] Embed Pods Frameworks */,
				23EC6116EF2D33D5A5725875 /* [CP] Copy Pods Resources */,
			);
			buildRules = (
			);
			dependencies = (
			);
			name = Mock_Revenue;
			productName = Mock_Revenue;
			productReference = 7464453E1EEBD5EC002EA7F3 /* Mock_Revenue.app */;
			productType = "com.apple.product-type.application";
		};
		746445511EEBD5EC002EA7F3 /* Mock_RevenueTests */ = {
			isa = PBXNativeTarget;
			buildConfigurationList = 746445691EEBD5EC002EA7F3 /* Build configuration list for PBXNativeTarget "Mock_RevenueTests" */;
			buildPhases = (
				E4458B4A10337A9F0DB1520F /* [CP] Check Pods Manifest.lock */,
				7464454E1EEBD5EC002EA7F3 /* Sources */,
				7464454F1EEBD5EC002EA7F3 /* Frameworks */,
				746445501EEBD5EC002EA7F3 /* Resources */,
				C8EC0F939BB8F8A3DD1FFBBD /* [CP] Embed Pods Frameworks */,
				86EE8944C033ACAC314D334E /* [CP] Copy Pods Resources */,
			);
			buildRules = (
			);
			dependencies = (
				746445541EEBD5EC002EA7F3 /* PBXTargetDependency */,
			);
			name = Mock_RevenueTests;
			productName = Mock_RevenueTests;
			productReference = 746445521EEBD5EC002EA7F3 /* Mock_RevenueTests.xctest */;
			productType = "com.apple.product-type.bundle.unit-test";
		};
		7464455C1EEBD5EC002EA7F3 /* Mock_RevenueUITests */ = {
			isa = PBXNativeTarget;
			buildConfigurationList = 7464456C1EEBD5EC002EA7F3 /* Build configuration list for PBXNativeTarget "Mock_RevenueUITests" */;
			buildPhases = (
				8DF188456637D0C133CE1A9B /* [CP] Check Pods Manifest.lock */,
				746445591EEBD5EC002EA7F3 /* Sources */,
				7464455A1EEBD5EC002EA7F3 /* Frameworks */,
				7464455B1EEBD5EC002EA7F3 /* Resources */,
				7BDF9F29C97327BC0DBACA7D /* [CP] Embed Pods Frameworks */,
				1DB1AB22D0A0846ABEDC3385 /* [CP] Copy Pods Resources */,
			);
			buildRules = (
			);
			dependencies = (
				7464455F1EEBD5EC002EA7F3 /* PBXTargetDependency */,
			);
			name = Mock_RevenueUITests;
			productName = Mock_RevenueUITests;
			productReference = 7464455D1EEBD5EC002EA7F3 /* Mock_RevenueUITests.xctest */;
			productType = "com.apple.product-type.bundle.ui-testing";
		};
/* End PBXNativeTarget section */

/* Begin PBXProject section */
		746445361EEBD5EB002EA7F3 /* Project object */ = {
			isa = PBXProject;
			attributes = {
				LastSwiftUpdateCheck = 0830;
				LastUpgradeCheck = 0830;
				ORGANIZATIONNAME = Cntt11;
				TargetAttributes = {
					7464453D1EEBD5EC002EA7F3 = {
						CreatedOnToolsVersion = 8.3;
						ProvisioningStyle = Automatic;
					};
					746445511EEBD5EC002EA7F3 = {
						CreatedOnToolsVersion = 8.3;
						ProvisioningStyle = Automatic;
						TestTargetID = 7464453D1EEBD5EC002EA7F3;
					};
					7464455C1EEBD5EC002EA7F3 = {
						CreatedOnToolsVersion = 8.3;
						ProvisioningStyle = Automatic;
						TestTargetID = 7464453D1EEBD5EC002EA7F3;
					};
				};
			};
			buildConfigurationList = 746445391EEBD5EB002EA7F3 /* Build configuration list for PBXProject "Mock_Revenue" */;
			compatibilityVersion = "Xcode 3.2";
			developmentRegion = English;
			hasScannedForEncodings = 0;
			knownRegions = (
				en,
				Base,
			);
			mainGroup = 746445351EEBD5EB002EA7F3;
			productRefGroup = 7464453F1EEBD5EC002EA7F3 /* Products */;
			projectDirPath = "";
			projectRoot = "";
			targets = (
				7464453D1EEBD5EC002EA7F3 /* Mock_Revenue */,
				746445511EEBD5EC002EA7F3 /* Mock_RevenueTests */,
				7464455C1EEBD5EC002EA7F3 /* Mock_RevenueUITests */,
			);
		};
/* End PBXProject section */

/* Begin PBXResourcesBuildPhase section */
		7464453C1EEBD5EC002EA7F3 /* Resources */ = {
			isa = PBXResourcesBuildPhase;
			buildActionMask = 2147483647;
			files = (
				7464454C1EEBD5EC002EA7F3 /* LaunchScreen.storyboard in Resources */,
				746445701EEBD664002EA7F3 /* GoogleService-Info.plist in Resources */,
				746445491EEBD5EC002EA7F3 /* Assets.xcassets in Resources */,
				746445471EEBD5EC002EA7F3 /* Main.storyboard in Resources */,
				947FCF1E1EEBDA1A00450250 /* images.plist in Resources */,
			);
			runOnlyForDeploymentPostprocessing = 0;
		};
		746445501EEBD5EC002EA7F3 /* Resources */ = {
			isa = PBXResourcesBuildPhase;
			buildActionMask = 2147483647;
			files = (
			);
			runOnlyForDeploymentPostprocessing = 0;
		};
		7464455B1EEBD5EC002EA7F3 /* Resources */ = {
			isa = PBXResourcesBuildPhase;
			buildActionMask = 2147483647;
			files = (
			);
			runOnlyForDeploymentPostprocessing = 0;
		};
/* End PBXResourcesBuildPhase section */

/* Begin PBXShellScriptBuildPhase section */
		010745FE93FB73CF8541A772 /* [CP] Check Pods Manifest.lock */ = {
			isa = PBXShellScriptBuildPhase;
			buildActionMask = 2147483647;
			files = (
			);
			inputPaths = (
			);
			name = "[CP] Check Pods Manifest.lock";
			outputPaths = (
			);
			runOnlyForDeploymentPostprocessing = 0;
			shellPath = /bin/sh;
			shellScript = "diff \"${PODS_PODFILE_DIR_PATH}/Podfile.lock\" \"${PODS_ROOT}/Manifest.lock\" > /dev/null\nif [ $? != 0 ] ; then\n    # print error to STDERR\n    echo \"error: The sandbox is not in sync with the Podfile.lock. Run 'pod install' or update your CocoaPods installation.\" >&2\n    exit 1\nfi\n";
			showEnvVarsInLog = 0;
		};
		1DB1AB22D0A0846ABEDC3385 /* [CP] Copy Pods Resources */ = {
			isa = PBXShellScriptBuildPhase;
			buildActionMask = 2147483647;
			files = (
			);
			inputPaths = (
			);
			name = "[CP] Copy Pods Resources";
			outputPaths = (
			);
			runOnlyForDeploymentPostprocessing = 0;
			shellPath = /bin/sh;
			shellScript = "\"${SRCROOT}/Pods/Target Support Files/Pods-Mock_RevenueUITests/Pods-Mock_RevenueUITests-resources.sh\"\n";
			showEnvVarsInLog = 0;
		};
		23EC6116EF2D33D5A5725875 /* [CP] Copy Pods Resources */ = {
			isa = PBXShellScriptBuildPhase;
			buildActionMask = 2147483647;
			files = (
			);
			inputPaths = (
			);
			name = "[CP] Copy Pods Resources";
			outputPaths = (
			);
			runOnlyForDeploymentPostprocessing = 0;
			shellPath = /bin/sh;
			shellScript = "\"${SRCROOT}/Pods/Target Support Files/Pods-Mock_Revenue/Pods-Mock_Revenue-resources.sh\"\n";
			showEnvVarsInLog = 0;
		};
		30D4455FA01E902170F85540 /* [CP] Embed Pods Frameworks */ = {
			isa = PBXShellScriptBuildPhase;
			buildActionMask = 2147483647;
			files = (
			);
			inputPaths = (
			);
			name = "[CP] Embed Pods Frameworks";
			outputPaths = (
			);
			runOnlyForDeploymentPostprocessing = 0;
			shellPath = /bin/sh;
			shellScript = "\"${SRCROOT}/Pods/Target Support Files/Pods-Mock_Revenue/Pods-Mock_Revenue-frameworks.sh\"\n";
			showEnvVarsInLog = 0;
		};
		7BDF9F29C97327BC0DBACA7D /* [CP] Embed Pods Frameworks */ = {
			isa = PBXShellScriptBuildPhase;
			buildActionMask = 2147483647;
			files = (
			);
			inputPaths = (
			);
			name = "[CP] Embed Pods Frameworks";
			outputPaths = (
			);
			runOnlyForDeploymentPostprocessing = 0;
			shellPath = /bin/sh;
			shellScript = "\"${SRCROOT}/Pods/Target Support Files/Pods-Mock_RevenueUITests/Pods-Mock_RevenueUITests-frameworks.sh\"\n";
			showEnvVarsInLog = 0;
		};
		86EE8944C033ACAC314D334E /* [CP] Copy Pods Resources */ = {
			isa = PBXShellScriptBuildPhase;
			buildActionMask = 2147483647;
			files = (
			);
			inputPaths = (
			);
			name = "[CP] Copy Pods Resources";
			outputPaths = (
			);
			runOnlyForDeploymentPostprocessing = 0;
			shellPath = /bin/sh;
			shellScript = "\"${SRCROOT}/Pods/Target Support Files/Pods-Mock_RevenueTests/Pods-Mock_RevenueTests-resources.sh\"\n";
			showEnvVarsInLog = 0;
		};
		8DF188456637D0C133CE1A9B /* [CP] Check Pods Manifest.lock */ = {
			isa = PBXShellScriptBuildPhase;
			buildActionMask = 2147483647;
			files = (
			);
			inputPaths = (
			);
			name = "[CP] Check Pods Manifest.lock";
			outputPaths = (
			);
			runOnlyForDeploymentPostprocessing = 0;
			shellPath = /bin/sh;
			shellScript = "diff \"${PODS_PODFILE_DIR_PATH}/Podfile.lock\" \"${PODS_ROOT}/Manifest.lock\" > /dev/null\nif [ $? != 0 ] ; then\n    # print error to STDERR\n    echo \"error: The sandbox is not in sync with the Podfile.lock. Run 'pod install' or update your CocoaPods installation.\" >&2\n    exit 1\nfi\n";
			showEnvVarsInLog = 0;
		};
		C8EC0F939BB8F8A3DD1FFBBD /* [CP] Embed Pods Frameworks */ = {
			isa = PBXShellScriptBuildPhase;
			buildActionMask = 2147483647;
			files = (
			);
			inputPaths = (
			);
			name = "[CP] Embed Pods Frameworks";
			outputPaths = (
			);
			runOnlyForDeploymentPostprocessing = 0;
			shellPath = /bin/sh;
			shellScript = "\"${SRCROOT}/Pods/Target Support Files/Pods-Mock_RevenueTests/Pods-Mock_RevenueTests-frameworks.sh\"\n";
			showEnvVarsInLog = 0;
		};
		E4458B4A10337A9F0DB1520F /* [CP] Check Pods Manifest.lock */ = {
			isa = PBXShellScriptBuildPhase;
			buildActionMask = 2147483647;
			files = (
			);
			inputPaths = (
			);
			name = "[CP] Check Pods Manifest.lock";
			outputPaths = (
			);
			runOnlyForDeploymentPostprocessing = 0;
			shellPath = /bin/sh;
			shellScript = "diff \"${PODS_PODFILE_DIR_PATH}/Podfile.lock\" \"${PODS_ROOT}/Manifest.lock\" > /dev/null\nif [ $? != 0 ] ; then\n    # print error to STDERR\n    echo \"error: The sandbox is not in sync with the Podfile.lock. Run 'pod install' or update your CocoaPods installation.\" >&2\n    exit 1\nfi\n";
			showEnvVarsInLog = 0;
		};
/* End PBXShellScriptBuildPhase section */

/* Begin PBXSourcesBuildPhase section */
		7464453A1EEBD5EC002EA7F3 /* Sources */ = {
			isa = PBXSourcesBuildPhase;
			buildActionMask = 2147483647;
			files = (
				94EF650D1EF2770A00F6C2BD /* TransactionModel.swift in Sources */,
				948CDD4F1EED32AB00319921 /* ImageCateController.swift in Sources */,
				947FCF291EEBE12500450250 /* CommonFunction.swift in Sources */,
				94AA88D31EEC2829000B4C13 /* MenuViewCell.swift in Sources */,
				947FCF271EEBE11500450250 /* ValidationTextField.swift in Sources */,
				947FCF321EEBE3F900450250 /* RegisterViewController.swift in Sources */,
				94AA88DB1EEC4895000B4C13 /* DAORevenueType.swift in Sources */,
				94EF65171EF2E2BF00F6C2BD /* ChooseCateCell.swift in Sources */,
				947FCF221EEBE01A00450250 /* LoginController.swift in Sources */,
				94EF65201EF31E6E00F6C2BD /* ChangePassViewController.swift in Sources */,
				94EF651B1EF2FF6200F6C2BD /* EditTransactionViewController.swift in Sources */,
				948CDD551EED430300319921 /* User.swift in Sources */,
				94EF65111EF2D20300F6C2BD /* MainViewCell.swift in Sources */,
				94AA88D11EEC2810000B4C13 /* MenuViewController.swift in Sources */,
				746445421EEBD5EC002EA7F3 /* AppDelegate.swift in Sources */,
				94EF651D1EF30D5900F6C2BD /* DAOUser.swift in Sources */,
				948CDD531EED38EE00319921 /* AddNewCateController.swift in Sources */,
				94EF65131EF2D70800F6C2BD /* DAOTransactionList.swift in Sources */,
				947FCF2D1EEBE38000450250 /* RevenueType.swift in Sources */,
				94AA88D61EEC3066000B4C13 /* CateViewController.swift in Sources */,
				94AA88D81EEC3076000B4C13 /* CateViewCell.swift in Sources */,
				94EF650F1EF27C0000F6C2BD /* MainViewController.swift in Sources */,
				94EF65191EF2E68D00F6C2BD /* AddTransactionController.swift in Sources */,
				947FCF2B1EEBE31D00450250 /* Menu.swift in Sources */,
				948CDD511EED333000319921 /* ImageCateCell.swift in Sources */,
				94EF65151EF2E28700F6C2BD /* ChooseCateController.swift in Sources */,
			);
			runOnlyForDeploymentPostprocessing = 0;
		};
		7464454E1EEBD5EC002EA7F3 /* Sources */ = {
			isa = PBXSourcesBuildPhase;
			buildActionMask = 2147483647;
			files = (
				746445571EEBD5EC002EA7F3 /* Mock_RevenueTests.swift in Sources */,
			);
			runOnlyForDeploymentPostprocessing = 0;
		};
		746445591EEBD5EC002EA7F3 /* Sources */ = {
			isa = PBXSourcesBuildPhase;
			buildActionMask = 2147483647;
			files = (
				746445621EEBD5EC002EA7F3 /* Mock_RevenueUITests.swift in Sources */,
			);
			runOnlyForDeploymentPostprocessing = 0;
		};
/* End PBXSourcesBuildPhase section */

/* Begin PBXTargetDependency section */
		746445541EEBD5EC002EA7F3 /* PBXTargetDependency */ = {
			isa = PBXTargetDependency;
			target = 7464453D1EEBD5EC002EA7F3 /* Mock_Revenue */;
			targetProxy = 746445531EEBD5EC002EA7F3 /* PBXContainerItemProxy */;
		};
		7464455F1EEBD5EC002EA7F3 /* PBXTargetDependency */ = {
			isa = PBXTargetDependency;
			target = 7464453D1EEBD5EC002EA7F3 /* Mock_Revenue */;
			targetProxy = 7464455E1EEBD5EC002EA7F3 /* PBXContainerItemProxy */;
		};
/* End PBXTargetDependency section */

/* Begin PBXVariantGroup section */
		746445451EEBD5EC002EA7F3 /* Main.storyboard */ = {
			isa = PBXVariantGroup;
			children = (
				746445461EEBD5EC002EA7F3 /* Base */,
			);
			name = Main.storyboard;
			sourceTree = "<group>";
		};
		7464454A1EEBD5EC002EA7F3 /* LaunchScreen.storyboard */ = {
			isa = PBXVariantGroup;
			children = (
				7464454B1EEBD5EC002EA7F3 /* Base */,
			);
			name = LaunchScreen.storyboard;
			sourceTree = "<group>";
		};
/* End PBXVariantGroup section */

/* Begin XCBuildConfiguration section */
		746445641EEBD5EC002EA7F3 /* Debug */ = {
			isa = XCBuildConfiguration;
			buildSettings = {
				ALWAYS_SEARCH_USER_PATHS = NO;
				CLANG_ANALYZER_NONNULL = YES;
				CLANG_ANALYZER_NUMBER_OBJECT_CONVERSION = YES_AGGRESSIVE;
				CLANG_CXX_LANGUAGE_STANDARD = "gnu++0x";
				CLANG_CXX_LIBRARY = "libc++";
				CLANG_ENABLE_MODULES = YES;
				CLANG_ENABLE_OBJC_ARC = YES;
				CLANG_WARN_BOOL_CONVERSION = YES;
				CLANG_WARN_CONSTANT_CONVERSION = YES;
				CLANG_WARN_DIRECT_OBJC_ISA_USAGE = YES_ERROR;
				CLANG_WARN_DOCUMENTATION_COMMENTS = YES;
				CLANG_WARN_EMPTY_BODY = YES;
				CLANG_WARN_ENUM_CONVERSION = YES;
				CLANG_WARN_INFINITE_RECURSION = YES;
				CLANG_WARN_INT_CONVERSION = YES;
				CLANG_WARN_OBJC_ROOT_CLASS = YES_ERROR;
				CLANG_WARN_SUSPICIOUS_MOVE = YES;
				CLANG_WARN_UNREACHABLE_CODE = YES;
				CLANG_WARN__DUPLICATE_METHOD_MATCH = YES;
				"CODE_SIGN_IDENTITY[sdk=iphoneos*]" = "iPhone Developer";
				COPY_PHASE_STRIP = NO;
				DEBUG_INFORMATION_FORMAT = dwarf;
				ENABLE_STRICT_OBJC_MSGSEND = YES;
				ENABLE_TESTABILITY = YES;
				GCC_C_LANGUAGE_STANDARD = gnu99;
				GCC_DYNAMIC_NO_PIC = NO;
				GCC_NO_COMMON_BLOCKS = YES;
				GCC_OPTIMIZATION_LEVEL = 0;
				GCC_PREPROCESSOR_DEFINITIONS = (
					"DEBUG=1",
					"$(inherited)",
				);
				GCC_WARN_64_TO_32_BIT_CONVERSION = YES;
				GCC_WARN_ABOUT_RETURN_TYPE = YES_ERROR;
				GCC_WARN_UNDECLARED_SELECTOR = YES;
				GCC_WARN_UNINITIALIZED_AUTOS = YES_AGGRESSIVE;
				GCC_WARN_UNUSED_FUNCTION = YES;
				GCC_WARN_UNUSED_VARIABLE = YES;
				IPHONEOS_DEPLOYMENT_TARGET = 10.3;
				MTL_ENABLE_DEBUG_INFO = YES;
				ONLY_ACTIVE_ARCH = YES;
				SDKROOT = iphoneos;
				SWIFT_ACTIVE_COMPILATION_CONDITIONS = DEBUG;
				SWIFT_OPTIMIZATION_LEVEL = "-Onone";
				TARGETED_DEVICE_FAMILY = "1,2";
			};
			name = Debug;
		};
		746445651EEBD5EC002EA7F3 /* Release */ = {
			isa = XCBuildConfiguration;
			buildSettings = {
				ALWAYS_SEARCH_USER_PATHS = NO;
				CLANG_ANALYZER_NONNULL = YES;
				CLANG_ANALYZER_NUMBER_OBJECT_CONVERSION = YES_AGGRESSIVE;
				CLANG_CXX_LANGUAGE_STANDARD = "gnu++0x";
				CLANG_CXX_LIBRARY = "libc++";
				CLANG_ENABLE_MODULES = YES;
				CLANG_ENABLE_OBJC_ARC = YES;
				CLANG_WARN_BOOL_CONVERSION = YES;
				CLANG_WARN_CONSTANT_CONVERSION = YES;
				CLANG_WARN_DIRECT_OBJC_ISA_USAGE = YES_ERROR;
				CLANG_WARN_DOCUMENTATION_COMMENTS = YES;
				CLANG_WARN_EMPTY_BODY = YES;
				CLANG_WARN_ENUM_CONVERSION = YES;
				CLANG_WARN_INFINITE_RECURSION = YES;
				CLANG_WARN_INT_CONVERSION = YES;
				CLANG_WARN_OBJC_ROOT_CLASS = YES_ERROR;
				CLANG_WARN_SUSPICIOUS_MOVE = YES;
				CLANG_WARN_UNREACHABLE_CODE = YES;
				CLANG_WARN__DUPLICATE_METHOD_MATCH = YES;
				"CODE_SIGN_IDENTITY[sdk=iphoneos*]" = "iPhone Developer";
				COPY_PHASE_STRIP = NO;
				DEBUG_INFORMATION_FORMAT = "dwarf-with-dsym";
				ENABLE_NS_ASSERTIONS = NO;
				ENABLE_STRICT_OBJC_MSGSEND = YES;
				GCC_C_LANGUAGE_STANDARD = gnu99;
				GCC_NO_COMMON_BLOCKS = YES;
				GCC_WARN_64_TO_32_BIT_CONVERSION = YES;
				GCC_WARN_ABOUT_RETURN_TYPE = YES_ERROR;
				GCC_WARN_UNDECLARED_SELECTOR = YES;
				GCC_WARN_UNINITIALIZED_AUTOS = YES_AGGRESSIVE;
				GCC_WARN_UNUSED_FUNCTION = YES;
				GCC_WARN_UNUSED_VARIABLE = YES;
				IPHONEOS_DEPLOYMENT_TARGET = 10.3;
				MTL_ENABLE_DEBUG_INFO = NO;
				SDKROOT = iphoneos;
				SWIFT_OPTIMIZATION_LEVEL = "-Owholemodule";
				TARGETED_DEVICE_FAMILY = "1,2";
				VALIDATE_PRODUCT = YES;
			};
			name = Release;
		};
		746445671EEBD5EC002EA7F3 /* Debug */ = {
			isa = XCBuildConfiguration;
			baseConfigurationReference = 51D9E7A5BD755B9A8DBA41B9 /* Pods-Mock_Revenue.debug.xcconfig */;
			buildSettings = {
				ASSETCATALOG_COMPILER_APPICON_NAME = AppIcon;
				INFOPLIST_FILE = Mock_Revenue/Info.plist;
				LD_RUNPATH_SEARCH_PATHS = "$(inherited) @executable_path/Frameworks";
				PRODUCT_BUNDLE_IDENTIFIER = "thanh.Mock-Revenue";
				PRODUCT_NAME = "$(TARGET_NAME)";
				SWIFT_VERSION = 3.0;
			};
			name = Debug;
		};
		746445681EEBD5EC002EA7F3 /* Release */ = {
			isa = XCBuildConfiguration;
			baseConfigurationReference = 9A249E6C2697F0618C741616 /* Pods-Mock_Revenue.release.xcconfig */;
			buildSettings = {
				ASSETCATALOG_COMPILER_APPICON_NAME = AppIcon;
				INFOPLIST_FILE = Mock_Revenue/Info.plist;
				LD_RUNPATH_SEARCH_PATHS = "$(inherited) @executable_path/Frameworks";
				PRODUCT_BUNDLE_IDENTIFIER = "thanh.Mock-Revenue";
				PRODUCT_NAME = "$(TARGET_NAME)";
				SWIFT_VERSION = 3.0;
			};
			name = Release;
		};
		7464456A1EEBD5EC002EA7F3 /* Debug */ = {
			isa = XCBuildConfiguration;
			baseConfigurationReference = 4A8AE6506925F0E455CA1340 /* Pods-Mock_RevenueTests.debug.xcconfig */;
			buildSettings = {
				ALWAYS_EMBED_SWIFT_STANDARD_LIBRARIES = YES;
				BUNDLE_LOADER = "$(TEST_HOST)";
				INFOPLIST_FILE = Mock_RevenueTests/Info.plist;
				LD_RUNPATH_SEARCH_PATHS = "$(inherited) @executable_path/Frameworks @loader_path/Frameworks";
				PRODUCT_BUNDLE_IDENTIFIER = "thanh.Mock-RevenueTests";
				PRODUCT_NAME = "$(TARGET_NAME)";
				SWIFT_VERSION = 3.0;
				TEST_HOST = "$(BUILT_PRODUCTS_DIR)/Mock_Revenue.app/Mock_Revenue";
			};
			name = Debug;
		};
		7464456B1EEBD5EC002EA7F3 /* Release */ = {
			isa = XCBuildConfiguration;
			baseConfigurationReference = 2A8A12F40FEF98875B83212A /* Pods-Mock_RevenueTests.release.xcconfig */;
			buildSettings = {
				ALWAYS_EMBED_SWIFT_STANDARD_LIBRARIES = YES;
				BUNDLE_LOADER = "$(TEST_HOST)";
				INFOPLIST_FILE = Mock_RevenueTests/Info.plist;
				LD_RUNPATH_SEARCH_PATHS = "$(inherited) @executable_path/Frameworks @loader_path/Frameworks";
				PRODUCT_BUNDLE_IDENTIFIER = "thanh.Mock-RevenueTests";
				PRODUCT_NAME = "$(TARGET_NAME)";
				SWIFT_VERSION = 3.0;
				TEST_HOST = "$(BUILT_PRODUCTS_DIR)/Mock_Revenue.app/Mock_Revenue";
			};
			name = Release;
		};
		7464456D1EEBD5EC002EA7F3 /* Debug */ = {
			isa = XCBuildConfiguration;
			baseConfigurationReference = 1FF57B8E8181A5D89E6C74A1 /* Pods-Mock_RevenueUITests.debug.xcconfig */;
			buildSettings = {
				ALWAYS_EMBED_SWIFT_STANDARD_LIBRARIES = YES;
				INFOPLIST_FILE = Mock_RevenueUITests/Info.plist;
				LD_RUNPATH_SEARCH_PATHS = "$(inherited) @executable_path/Frameworks @loader_path/Frameworks";
				PRODUCT_BUNDLE_IDENTIFIER = "thanh.Mock-RevenueUITests";
				PRODUCT_NAME = "$(TARGET_NAME)";
				SWIFT_VERSION = 3.0;
				TEST_TARGET_NAME = Mock_Revenue;
			};
			name = Debug;
		};
		7464456E1EEBD5EC002EA7F3 /* Release */ = {
			isa = XCBuildConfiguration;
			baseConfigurationReference = 953597803EB50B3BD761240F /* Pods-Mock_RevenueUITests.release.xcconfig */;
			buildSettings = {
				ALWAYS_EMBED_SWIFT_STANDARD_LIBRARIES = YES;
				INFOPLIST_FILE = Mock_RevenueUITests/Info.plist;
				LD_RUNPATH_SEARCH_PATHS = "$(inherited) @executable_path/Frameworks @loader_path/Frameworks";
				PRODUCT_BUNDLE_IDENTIFIER = "thanh.Mock-RevenueUITests";
				PRODUCT_NAME = "$(TARGET_NAME)";
				SWIFT_VERSION = 3.0;
				TEST_TARGET_NAME = Mock_Revenue;
			};
			name = Release;
		};
/* End XCBuildConfiguration section */

/* Begin XCConfigurationList section */
		746445391EEBD5EB002EA7F3 /* Build configuration list for PBXProject "Mock_Revenue" */ = {
			isa = XCConfigurationList;
			buildConfigurations = (
				746445641EEBD5EC002EA7F3 /* Debug */,
				746445651EEBD5EC002EA7F3 /* Release */,
			);
			defaultConfigurationIsVisible = 0;
			defaultConfigurationName = Release;
		};
		746445661EEBD5EC002EA7F3 /* Build configuration list for PBXNativeTarget "Mock_Revenue" */ = {
			isa = XCConfigurationList;
			buildConfigurations = (
				746445671EEBD5EC002EA7F3 /* Debug */,
				746445681EEBD5EC002EA7F3 /* Release */,
			);
			defaultConfigurationIsVisible = 0;
			defaultConfigurationName = Release;
		};
		746445691EEBD5EC002EA7F3 /* Build configuration list for PBXNativeTarget "Mock_RevenueTests" */ = {
			isa = XCConfigurationList;
			buildConfigurations = (
				7464456A1EEBD5EC002EA7F3 /* Debug */,
				7464456B1EEBD5EC002EA7F3 /* Release */,
			);
			defaultConfigurationIsVisible = 0;
			defaultConfigurationName = Release;
		};
		7464456C1EEBD5EC002EA7F3 /* Build configuration list for PBXNativeTarget "Mock_RevenueUITests" */ = {
			isa = XCConfigurationList;
			buildConfigurations = (
				7464456D1EEBD5EC002EA7F3 /* Debug */,
				7464456E1EEBD5EC002EA7F3 /* Release */,
			);
			defaultConfigurationIsVisible = 0;
			defaultConfigurationName = Release;
		};
/* End XCConfigurationList section */
	};
	rootObject = 746445361EEBD5EB002EA7F3 /* Project object */;
}
